
Microsoft Visual Studio Solution File, Format Version 12.00
# Visual Studio Version 17
VisualStudioVersion = 17.5.33516.290
MinimumVisualStudioVersion = 10.0.40219.1
Project("{FAE04EC0-301F-11D3-BF4B-00C04F79EFBC}") = "funtions", "funtions\funtions.csproj", "{1F3AE888-6D23-40BD-9B53-49DA705BF3AF}"
EndProject
Global
	GlobalSection(SolutionConfigurationPlatforms) = preSolution
		Debug|Any CPU = Debug|Any CPU
		Release|Any CPU = Release|Any CPU
	EndGlobalSection
	GlobalSection(ProjectConfigurationPlatforms) = postSolution
		{1F3AE888-6D23-40BD-9B53-49DA705BF3AF}.Debug|Any CPU.ActiveCfg = Debug|Any CPU
		{1F3AE888-6D23-40BD-9B53-49DA705BF3AF}.Debug|Any CPU.Build.0 = Debug|Any CPU
		{1F3AE888-6D23-40BD-9B53-49DA705BF3AF}.Release|Any CPU.ActiveCfg = Release|Any CPU
		{1F3AE888-6D23-40BD-9B53-49DA705BF3AF}.Release|Any CPU.Build.0 = Release|Any CPU
	EndGlobalSection
	GlobalSection(SolutionProperties) = preSolution
		HideSolutionNode = FALSE
	EndGlobalSection
	GlobalSection(ExtensibilityGlobals) = postSolution
		SolutionGuid = {FB48D6FF-A64C-47E2-8FA5-7751B5CEF80C}
	EndGlobalSection
EndGlobal
